
Microsoft Visual Studio Solution File, Format Version 12.00
# Visual Studio Version 16
VisualStudioVersion = 25.0.1700.7
MinimumVisualStudioVersion = 10.0.40219.1
Project("{FAE04EC0-301F-11D3-BF4B-00C04F79EFBC}") = "ScrapeScribdDocumentBlurRemover", "ScrapeScribdDocumentBlurRemover.csproj", "{0C98CFAA-9021-4337-8BB9-9C5C108C3EFD}"
EndProject
Global
	GlobalSection(SolutionConfigurationPlatforms) = preSolution
		Debug|Any CPU = Debug|Any CPU
		Release|Any CPU = Release|Any CPU
	EndGlobalSection
	GlobalSection(ProjectConfigurationPlatforms) = postSolution
		{0C98CFAA-9021-4337-8BB9-9C5C108C3EFD}.Debug|Any CPU.ActiveCfg = Debug|Any CPU
		{0C98CFAA-9021-4337-8BB9-9C5C108C3EFD}.Debug|Any CPU.Build.0 = Debug|Any CPU
		{0C98CFAA-9021-4337-8BB9-9C5C108C3EFD}.Release|Any CPU.ActiveCfg = Release|Any CPU
		{0C98CFAA-9021-4337-8BB9-9C5C108C3EFD}.Release|Any CPU.Build.0 = Release|Any CPU
	EndGlobalSection
	GlobalSection(SolutionProperties) = preSolution
		HideSolutionNode = FALSE
	EndGlobalSection
	GlobalSection(ExtensibilityGlobals) = postSolution
		SolutionGuid = {41FF2E5B-40CD-486D-93FC-317AA134410F}
	EndGlobalSection
EndGlobal
